// !$*UTF8*$!
{
	archiveVersion = 1;
	classes = {
	};
	objectVersion = 51;
	objects = {

/* Begin PBXBuildFile section */
		212ECFF6AE612331B094CCE3 /* Pods_NewsApp.framework in Frameworks */ = {isa = PBXBuildFile; fileRef = 421BAEDCF6D5096A0B846FB5 /* Pods_NewsApp.framework */; };
		FA743EFA26C139B900E0C626 /* AppDelegate.swift in Sources */ = {isa = PBXBuildFile; fileRef = FA743EF926C139B900E0C626 /* AppDelegate.swift */; };
		FA743EFC26C139B900E0C626 /* SceneDelegate.swift in Sources */ = {isa = PBXBuildFile; fileRef = FA743EFB26C139B900E0C626 /* SceneDelegate.swift */; };
		FA743EFE26C139B900E0C626 /* ArticlesViewController.swift in Sources */ = {isa = PBXBuildFile; fileRef = FA743EFD26C139B900E0C626 /* ArticlesViewController.swift */; };
		FA743F0126C139B900E0C626 /* Main.storyboard in Resources */ = {isa = PBXBuildFile; fileRef = FA743EFF26C139B900E0C626 /* Main.storyboard */; };
		FA743F0326C139BC00E0C626 /* Assets.xcassets in Resources */ = {isa = PBXBuildFile; fileRef = FA743F0226C139BC00E0C626 /* Assets.xcassets */; };
		FA743F0626C139BC00E0C626 /* LaunchScreen.storyboard in Resources */ = {isa = PBXBuildFile; fileRef = FA743F0426C139BC00E0C626 /* LaunchScreen.storyboard */; };
		FA743F1126C13C8E00E0C626 /* ApiManager.swift in Sources */ = {isa = PBXBuildFile; fileRef = FA743F1026C13C8E00E0C626 /* ApiManager.swift */; };
		FA743F1426C13F5000E0C626 /* NetworkModels.swift in Sources */ = {isa = PBXBuildFile; fileRef = FA743F1326C13F5000E0C626 /* NetworkModels.swift */; };
		FA743F1626C143FB00E0C626 /* Constants.swift in Sources */ = {isa = PBXBuildFile; fileRef = FA743F1526C143FB00E0C626 /* Constants.swift */; };
		FA743F1826C1486D00E0C626 /* RealmModels.swift in Sources */ = {isa = PBXBuildFile; fileRef = FA743F1726C1486D00E0C626 /* RealmModels.swift */; };
		FA743F1A26C14A1400E0C626 /* DatabaseManager.swift in Sources */ = {isa = PBXBuildFile; fileRef = FA743F1926C14A1400E0C626 /* DatabaseManager.swift */; };
		FA743F1F26C14BFD00E0C626 /* ArticleTableViewCell.swift in Sources */ = {isa = PBXBuildFile; fileRef = FA743F1D26C14BFD00E0C626 /* ArticleTableViewCell.swift */; };
		FA743F2026C14BFD00E0C626 /* ArticleTableViewCell.xib in Resources */ = {isa = PBXBuildFile; fileRef = FA743F1E26C14BFD00E0C626 /* ArticleTableViewCell.xib */; };
		FA743F2226C151DD00E0C626 /* Extensions.swift in Sources */ = {isa = PBXBuildFile; fileRef = FA743F2126C151DD00E0C626 /* Extensions.swift */; };
		FA743F2426C1764E00E0C626 /* ArticleWebViewController.swift in Sources */ = {isa = PBXBuildFile; fileRef = FA743F2326C1764D00E0C626 /* ArticleWebViewController.swift */; };
		FA743F2626C1769600E0C626 /* WebKit.framework in Frameworks */ = {isa = PBXBuildFile; fileRef = FA743F2526C1769600E0C626 /* WebKit.framework */; };
		FA9628C926C302A100785AFB /* MainTabBarController.swift in Sources */ = {isa = PBXBuildFile; fileRef = FA9628C826C302A100785AFB /* MainTabBarController.swift */; };
		FA9628CD26C3064600785AFB /* SavedArticlesTableViewController.swift in Sources */ = {isa = PBXBuildFile; fileRef = FA9628CC26C3064600785AFB /* SavedArticlesTableViewController.swift */; };
/* End PBXBuildFile section */

/* Begin PBXFileReference section */
		0EEF6165CBDABC3B75FB5479 /* Pods-NewsApp.release.xcconfig */ = {isa = PBXFileReference; includeInIndex = 1; lastKnownFileType = text.xcconfig; name = "Pods-NewsApp.release.xcconfig"; path = "Target Support Files/Pods-NewsApp/Pods-NewsApp.release.xcconfig"; sourceTree = "<group>"; };
		421BAEDCF6D5096A0B846FB5 /* Pods_NewsApp.framework */ = {isa = PBXFileReference; explicitFileType = wrapper.framework; includeInIndex = 0; path = Pods_NewsApp.framework; sourceTree = BUILT_PRODUCTS_DIR; };
		BFE0D051EFE31F8E26722F04 /* Pods-NewsApp.debug.xcconfig */ = {isa = PBXFileReference; includeInIndex = 1; lastKnownFileType = text.xcconfig; name = "Pods-NewsApp.debug.xcconfig"; path = "Target Support Files/Pods-NewsApp/Pods-NewsApp.debug.xcconfig"; sourceTree = "<group>"; };
		FA743EF626C139B900E0C626 /* NewsApp.app */ = {isa = PBXFileReference; explicitFileType = wrapper.application; includeInIndex = 0; path = NewsApp.app; sourceTree = BUILT_PRODUCTS_DIR; };
		FA743EF926C139B900E0C626 /* AppDelegate.swift */ = {isa = PBXFileReference; lastKnownFileType = sourcecode.swift; path = AppDelegate.swift; sourceTree = "<group>"; };
		FA743EFB26C139B900E0C626 /* SceneDelegate.swift */ = {isa = PBXFileReference; lastKnownFileType = sourcecode.swift; path = SceneDelegate.swift; sourceTree = "<group>"; };
		FA743EFD26C139B900E0C626 /* ArticlesViewController.swift */ = {isa = PBXFileReference; lastKnownFileType = sourcecode.swift; path = ArticlesViewController.swift; sourceTree = "<group>"; };
		FA743F0026C139B900E0C626 /* Base */ = {isa = PBXFileReference; lastKnownFileType = file.storyboard; name = Base; path = Base.lproj/Main.storyboard; sourceTree = "<group>"; };
		FA743F0226C139BC00E0C626 /* Assets.xcassets */ = {isa = PBXFileReference; lastKnownFileType = folder.assetcatalog; path = Assets.xcassets; sourceTree = "<group>"; };
		FA743F0526C139BC00E0C626 /* Base */ = {isa = PBXFileReference; lastKnownFileType = file.storyboard; name = Base; path = Base.lproj/LaunchScreen.storyboard; sourceTree = "<group>"; };
		FA743F0726C139BC00E0C626 /* Info.plist */ = {isa = PBXFileReference; lastKnownFileType = text.plist.xml; path = Info.plist; sourceTree = "<group>"; };
		FA743F1026C13C8E00E0C626 /* ApiManager.swift */ = {isa = PBXFileReference; lastKnownFileType = sourcecode.swift; path = ApiManager.swift; sourceTree = "<group>"; };
		FA743F1326C13F5000E0C626 /* NetworkModels.swift */ = {isa = PBXFileReference; lastKnownFileType = sourcecode.swift; path = NetworkModels.swift; sourceTree = "<group>"; };
		FA743F1526C143FB00E0C626 /* Constants.swift */ = {isa = PBXFileReference; lastKnownFileType = sourcecode.swift; path = Constants.swift; sourceTree = "<group>"; };
		FA743F1726C1486D00E0C626 /* RealmModels.swift */ = {isa = PBXFileReference; lastKnownFileType = sourcecode.swift; path = RealmModels.swift; sourceTree = "<group>"; };
		FA743F1926C14A1400E0C626 /* DatabaseManager.swift */ = {isa = PBXFileReference; lastKnownFileType = sourcecode.swift; path = DatabaseManager.swift; sourceTree = "<group>"; };
		FA743F1D26C14BFD00E0C626 /* ArticleTableViewCell.swift */ = {isa = PBXFileReference; lastKnownFileType = sourcecode.swift; path = ArticleTableViewCell.swift; sourceTree = "<group>"; };
		FA743F1E26C14BFD00E0C626 /* ArticleTableViewCell.xib */ = {isa = PBXFileReference; lastKnownFileType = file.xib; path = ArticleTableViewCell.xib; sourceTree = "<group>"; };
		FA743F2126C151DD00E0C626 /* Extensions.swift */ = {isa = PBXFileReference; lastKnownFileType = sourcecode.swift; path = Extensions.swift; sourceTree = "<group>"; };
		FA743F2326C1764D00E0C626 /* ArticleWebViewController.swift */ = {isa = PBXFileReference; lastKnownFileType = sourcecode.swift; path = ArticleWebViewController.swift; sourceTree = "<group>"; };
		FA743F2526C1769600E0C626 /* WebKit.framework */ = {isa = PBXFileReference; lastKnownFileType = wrapper.framework; name = WebKit.framework; path = System/Library/Frameworks/WebKit.framework; sourceTree = SDKROOT; };
		FA9628C826C302A100785AFB /* MainTabBarController.swift */ = {isa = PBXFileReference; lastKnownFileType = sourcecode.swift; path = MainTabBarController.swift; sourceTree = "<group>"; };
		FA9628CC26C3064600785AFB /* SavedArticlesTableViewController.swift */ = {isa = PBXFileReference; lastKnownFileType = sourcecode.swift; path = SavedArticlesTableViewController.swift; sourceTree = "<group>"; };
/* End PBXFileReference section */

/* Begin PBXFrameworksBuildPhase section */
		FA743EF326C139B900E0C626 /* Frameworks */ = {
			isa = PBXFrameworksBuildPhase;
			buildActionMask = 2147483647;
			files = (
				FA743F2626C1769600E0C626 /* WebKit.framework in Frameworks */,
				212ECFF6AE612331B094CCE3 /* Pods_NewsApp.framework in Frameworks */,
			);
			runOnlyForDeploymentPostprocessing = 0;
		};
/* End PBXFrameworksBuildPhase section */

/* Begin PBXGroup section */
		7C1199D05FA32E7DC0F0C8A5 /* Frameworks */ = {
			isa = PBXGroup;
			children = (
				FA743F2526C1769600E0C626 /* WebKit.framework */,
				421BAEDCF6D5096A0B846FB5 /* Pods_NewsApp.framework */,
			);
			name = Frameworks;
			sourceTree = "<group>";
		};
		A886BF623267751ECCC2158F /* Pods */ = {
			isa = PBXGroup;
			children = (
				BFE0D051EFE31F8E26722F04 /* Pods-NewsApp.debug.xcconfig */,
				0EEF6165CBDABC3B75FB5479 /* Pods-NewsApp.release.xcconfig */,
			);
			path = Pods;
			sourceTree = "<group>";
		};
		FA743EED26C139B900E0C626 = {
			isa = PBXGroup;
			children = (
				FA743EF826C139B900E0C626 /* NewsApp */,
				FA743EF726C139B900E0C626 /* Products */,
				A886BF623267751ECCC2158F /* Pods */,
				7C1199D05FA32E7DC0F0C8A5 /* Frameworks */,
			);
			sourceTree = "<group>";
		};
		FA743EF726C139B900E0C626 /* Products */ = {
			isa = PBXGroup;
			children = (
				FA743EF626C139B900E0C626 /* NewsApp.app */,
			);
			name = Products;
			sourceTree = "<group>";
		};
		FA743EF826C139B900E0C626 /* NewsApp */ = {
			isa = PBXGroup;
			children = (
				FA743F1B26C14B6E00E0C626 /* helpers */,
				FA743F1226C13F3400E0C626 /* models */,
				FA743F0F26C13C6000E0C626 /* managers */,
				FA743F1C26C14BDF00E0C626 /* cells */,
				FA743F0E26C13C5900E0C626 /* controllers */,
				FA743F0D26C13C5400E0C626 /* storyboards */,
				FA743EF926C139B900E0C626 /* AppDelegate.swift */,
				FA743EFB26C139B900E0C626 /* SceneDelegate.swift */,
				FA743F0226C139BC00E0C626 /* Assets.xcassets */,
				FA743F0726C139BC00E0C626 /* Info.plist */,
			);
			path = NewsApp;
			sourceTree = "<group>";
		};
		FA743F0D26C13C5400E0C626 /* storyboards */ = {
			isa = PBXGroup;
			children = (
				FA743EFF26C139B900E0C626 /* Main.storyboard */,
				FA743F0426C139BC00E0C626 /* LaunchScreen.storyboard */,
			);
			path = storyboards;
			sourceTree = "<group>";
		};
		FA743F0E26C13C5900E0C626 /* controllers */ = {
			isa = PBXGroup;
			children = (
				FA9628C826C302A100785AFB /* MainTabBarController.swift */,
				FA743EFD26C139B900E0C626 /* ArticlesViewController.swift */,
				FA743F2326C1764D00E0C626 /* ArticleWebViewController.swift */,
				FA9628CC26C3064600785AFB /* SavedArticlesTableViewController.swift */,
			);
			path = controllers;
			sourceTree = "<group>";
		};
		FA743F0F26C13C6000E0C626 /* managers */ = {
			isa = PBXGroup;
			children = (
				FA743F1026C13C8E00E0C626 /* ApiManager.swift */,
				FA743F1926C14A1400E0C626 /* DatabaseManager.swift */,
			);
			path = managers;
			sourceTree = "<group>";
		};
		FA743F1226C13F3400E0C626 /* models */ = {
			isa = PBXGroup;
			children = (
				FA743F1326C13F5000E0C626 /* NetworkModels.swift */,
				FA743F1726C1486D00E0C626 /* RealmModels.swift */,
			);
			path = models;
			sourceTree = "<group>";
		};
		FA743F1B26C14B6E00E0C626 /* helpers */ = {
			isa = PBXGroup;
			children = (
				FA743F2126C151DD00E0C626 /* Extensions.swift */,
				FA743F1526C143FB00E0C626 /* Constants.swift */,
			);
			path = helpers;
			sourceTree = "<group>";
		};
		FA743F1C26C14BDF00E0C626 /* cells */ = {
			isa = PBXGroup;
			children = (
				FA743F1D26C14BFD00E0C626 /* ArticleTableViewCell.swift */,
				FA743F1E26C14BFD00E0C626 /* ArticleTableViewCell.xib */,
			);
			path = cells;
			sourceTree = "<group>";
		};
/* End PBXGroup section */

/* Begin PBXNativeTarget section */
		FA743EF526C139B900E0C626 /* NewsApp */ = {
			isa = PBXNativeTarget;
			buildConfigurationList = FA743F0A26C139BC00E0C626 /* Build configuration list for PBXNativeTarget "NewsApp" */;
			buildPhases = (
				C4AA6D2875EA6D21C409E9FC /* [CP] Check Pods Manifest.lock */,
				FA743EF226C139B900E0C626 /* Sources */,
				FA743EF326C139B900E0C626 /* Frameworks */,
				FA743EF426C139B900E0C626 /* Resources */,
				24D74DD1C618C1196E62D3E6 /* [CP] Embed Pods Frameworks */,
			);
			buildRules = (
			);
			dependencies = (
			);
			name = NewsApp;
			productName = NewsApp;
			productReference = FA743EF626C139B900E0C626 /* NewsApp.app */;
			productType = "com.apple.product-type.application";
		};
/* End PBXNativeTarget section */

/* Begin PBXProject section */
		FA743EEE26C139B900E0C626 /* Project object */ = {
			isa = PBXProject;
			attributes = {
				LastSwiftUpdateCheck = 1250;
				LastUpgradeCheck = 1250;
				TargetAttributes = {
					FA743EF526C139B900E0C626 = {
						CreatedOnToolsVersion = 12.5.1;
					};
				};
			};
			buildConfigurationList = FA743EF126C139B900E0C626 /* Build configuration list for PBXProject "NewsApp" */;
			compatibilityVersion = "Xcode 9.3";
			developmentRegion = en;
			hasScannedForEncodings = 0;
			knownRegions = (
				en,
				Base,
			);
			mainGroup = FA743EED26C139B900E0C626;
			productRefGroup = FA743EF726C139B900E0C626 /* Products */;
			projectDirPath = "";
			projectRoot = "";
			targets = (
				FA743EF526C139B900E0C626 /* NewsApp */,
			);
		};
/* End PBXProject section */

/* Begin PBXResourcesBuildPhase section */
		FA743EF426C139B900E0C626 /* Resources */ = {
			isa = PBXResourcesBuildPhase;
			buildActionMask = 2147483647;
			files = (
				FA743F2026C14BFD00E0C626 /* ArticleTableViewCell.xib in Resources */,
				FA743F0626C139BC00E0C626 /* LaunchScreen.storyboard in Resources */,
				FA743F0326C139BC00E0C626 /* Assets.xcassets in Resources */,
				FA743F0126C139B900E0C626 /* Main.storyboard in Resources */,
			);
			runOnlyForDeploymentPostprocessing = 0;
		};
/* End PBXResourcesBuildPhase section */

/* Begin PBXShellScriptBuildPhase section */
		24D74DD1C618C1196E62D3E6 /* [CP] Embed Pods Frameworks */ = {
			isa = PBXShellScriptBuildPhase;
			buildActionMask = 2147483647;
			files = (
			);
			inputFileListPaths = (
				"${PODS_ROOT}/Target Support Files/Pods-NewsApp/Pods-NewsApp-frameworks-${CONFIGURATION}-input-files.xcfilelist",
			);
			name = "[CP] Embed Pods Frameworks";
			outputFileListPaths = (
				"${PODS_ROOT}/Target Support Files/Pods-NewsApp/Pods-NewsApp-frameworks-${CONFIGURATION}-output-files.xcfilelist",
			);
			runOnlyForDeploymentPostprocessing = 0;
			shellPath = /bin/sh;
			shellScript = "\"${PODS_ROOT}/Target Support Files/Pods-NewsApp/Pods-NewsApp-frameworks.sh\"\n";
			showEnvVarsInLog = 0;
		};
		C4AA6D2875EA6D21C409E9FC /* [CP] Check Pods Manifest.lock */ = {
			isa = PBXShellScriptBuildPhase;
			buildActionMask = 2147483647;
			files = (
			);
			inputFileListPaths = (
			);
			inputPaths = (
				"${PODS_PODFILE_DIR_PATH}/Podfile.lock",
				"${PODS_ROOT}/Manifest.lock",
			);
			name = "[CP] Check Pods Manifest.lock";
			outputFileListPaths = (
			);
			outputPaths = (
				"$(DERIVED_FILE_DIR)/Pods-NewsApp-checkManifestLockResult.txt",
			);
			runOnlyForDeploymentPostprocessing = 0;
			shellPath = /bin/sh;
			shellScript = "diff \"${PODS_PODFILE_DIR_PATH}/Podfile.lock\" \"${PODS_ROOT}/Manifest.lock\" > /dev/null\nif [ $? != 0 ] ; then\n    # print error to STDERR\n    echo \"error: The sandbox is not in sync with the Podfile.lock. Run 'pod install' or update your CocoaPods installation.\" >&2\n    exit 1\nfi\n# This output is used by Xcode 'outputs' to avoid re-running this script phase.\necho \"SUCCESS\" > \"${SCRIPT_OUTPUT_FILE_0}\"\n";
			showEnvVarsInLog = 0;
		};
/* End PBXShellScriptBuildPhase section */

/* Begin PBXSourcesBuildPhase section */
		FA743EF226C139B900E0C626 /* Sources */ = {
			isa = PBXSourcesBuildPhase;
			buildActionMask = 2147483647;
			files = (
				FA743F1A26C14A1400E0C626 /* DatabaseManager.swift in Sources */,
				FA743F1F26C14BFD00E0C626 /* ArticleTableViewCell.swift in Sources */,
				FA9628C926C302A100785AFB /* MainTabBarController.swift in Sources */,
				FA743F1426C13F5000E0C626 /* NetworkModels.swift in Sources */,
				FA9628CD26C3064600785AFB /* SavedArticlesTableViewController.swift in Sources */,
				FA743F1126C13C8E00E0C626 /* ApiManager.swift in Sources */,
				FA743EFE26C139B900E0C626 /* ArticlesViewController.swift in Sources */,
				FA743F2226C151DD00E0C626 /* Extensions.swift in Sources */,
				FA743EFA26C139B900E0C626 /* AppDelegate.swift in Sources */,
				FA743F1826C1486D00E0C626 /* RealmModels.swift in Sources */,
				FA743EFC26C139B900E0C626 /* SceneDelegate.swift in Sources */,
				FA743F2426C1764E00E0C626 /* ArticleWebViewController.swift in Sources */,
				FA743F1626C143FB00E0C626 /* Constants.swift in Sources */,
			);
			runOnlyForDeploymentPostprocessing = 0;
		};
/* End PBXSourcesBuildPhase section */

/* Begin PBXVariantGroup section */
		FA743EFF26C139B900E0C626 /* Main.storyboard */ = {
			isa = PBXVariantGroup;
			children = (
				FA743F0026C139B900E0C626 /* Base */,
			);
			name = Main.storyboard;
			sourceTree = "<group>";
		};
		FA743F0426C139BC00E0C626 /* LaunchScreen.storyboard */ = {
			isa = PBXVariantGroup;
			children = (
				FA743F0526C139BC00E0C626 /* Base */,
			);
			name = LaunchScreen.storyboard;
			sourceTree = "<group>";
		};
/* End PBXVariantGroup section */

/* Begin XCBuildConfiguration section */
		FA743F0826C139BC00E0C626 /* Debug */ = {
			isa = XCBuildConfiguration;
			buildSettings = {
				ALWAYS_SEARCH_USER_PATHS = NO;
				CLANG_ANALYZER_NONNULL = YES;
				CLANG_ANALYZER_NUMBER_OBJECT_CONVERSION = YES_AGGRESSIVE;
				CLANG_CXX_LANGUAGE_STANDARD = "gnu++14";
				CLANG_CXX_LIBRARY = "libc++";
				CLANG_ENABLE_MODULES = YES;
				CLANG_ENABLE_OBJC_ARC = YES;
				CLANG_ENABLE_OBJC_WEAK = YES;
				CLANG_WARN_BLOCK_CAPTURE_AUTORELEASING = YES;
				CLANG_WARN_BOOL_CONVERSION = YES;
				CLANG_WARN_COMMA = YES;
				CLANG_WARN_CONSTANT_CONVERSION = YES;
				CLANG_WARN_DEPRECATED_OBJC_IMPLEMENTATIONS = YES;
				CLANG_WARN_DIRECT_OBJC_ISA_USAGE = YES_ERROR;
				CLANG_WARN_DOCUMENTATION_COMMENTS = YES;
				CLANG_WARN_EMPTY_BODY = YES;
				CLANG_WARN_ENUM_CONVERSION = YES;
				CLANG_WARN_INFINITE_RECURSION = YES;
				CLANG_WARN_INT_CONVERSION = YES;
				CLANG_WARN_NON_LITERAL_NULL_CONVERSION = YES;
				CLANG_WARN_OBJC_IMPLICIT_RETAIN_SELF = YES;
				CLANG_WARN_OBJC_LITERAL_CONVERSION = YES;
				CLANG_WARN_OBJC_ROOT_CLASS = YES_ERROR;
				CLANG_WARN_QUOTED_INCLUDE_IN_FRAMEWORK_HEADER = YES;
				CLANG_WARN_RANGE_LOOP_ANALYSIS = YES;
				CLANG_WARN_STRICT_PROTOTYPES = YES;
				CLANG_WARN_SUSPICIOUS_MOVE = YES;
				CLANG_WARN_UNGUARDED_AVAILABILITY = YES_AGGRESSIVE;
				CLANG_WARN_UNREACHABLE_CODE = YES;
				CLANG_WARN__DUPLICATE_METHOD_MATCH = YES;
				COPY_PHASE_STRIP = NO;
				DEBUG_INFORMATION_FORMAT = dwarf;
				ENABLE_STRICT_OBJC_MSGSEND = YES;
				ENABLE_TESTABILITY = YES;
				GCC_C_LANGUAGE_STANDARD = gnu11;
				GCC_DYNAMIC_NO_PIC = NO;
				GCC_NO_COMMON_BLOCKS = YES;
				GCC_OPTIMIZATION_LEVEL = 0;
				GCC_PREPROCESSOR_DEFINITIONS = (
					"DEBUG=1",
					"$(inherited)",
				);
				GCC_WARN_64_TO_32_BIT_CONVERSION = YES;
				GCC_WARN_ABOUT_RETURN_TYPE = YES_ERROR;
				GCC_WARN_UNDECLARED_SELECTOR = YES;
				GCC_WARN_UNINITIALIZED_AUTOS = YES_AGGRESSIVE;
				GCC_WARN_UNUSED_FUNCTION = YES;
				GCC_WARN_UNUSED_VARIABLE = YES;
				IPHONEOS_DEPLOYMENT_TARGET = 14.5;
				MTL_ENABLE_DEBUG_INFO = INCLUDE_SOURCE;
				MTL_FAST_MATH = YES;
				ONLY_ACTIVE_ARCH = YES;
				SDKROOT = iphoneos;
				SWIFT_ACTIVE_COMPILATION_CONDITIONS = DEBUG;
				SWIFT_OPTIMIZATION_LEVEL = "-Onone";
			};
			name = Debug;
		};
		FA743F0926C139BC00E0C626 /* Release */ = {
			isa = XCBuildConfiguration;
			buildSettings = {
				ALWAYS_SEARCH_USER_PATHS = NO;
				CLANG_ANALYZER_NONNULL = YES;
				CLANG_ANALYZER_NUMBER_OBJECT_CONVERSION = YES_AGGRESSIVE;
				CLANG_CXX_LANGUAGE_STANDARD = "gnu++14";
				CLANG_CXX_LIBRARY = "libc++";
				CLANG_ENABLE_MODULES = YES;
				CLANG_ENABLE_OBJC_ARC = YES;
				CLANG_ENABLE_OBJC_WEAK = YES;
				CLANG_WARN_BLOCK_CAPTURE_AUTORELEASING = YES;
				CLANG_WARN_BOOL_CONVERSION = YES;
				CLANG_WARN_COMMA = YES;
				CLANG_WARN_CONSTANT_CONVERSION = YES;
				CLANG_WARN_DEPRECATED_OBJC_IMPLEMENTATIONS = YES;
				CLANG_WARN_DIRECT_OBJC_ISA_USAGE = YES_ERROR;
				CLANG_WARN_DOCUMENTATION_COMMENTS = YES;
				CLANG_WARN_EMPTY_BODY = YES;
				CLANG_WARN_ENUM_CONVERSION = YES;
				CLANG_WARN_INFINITE_RECURSION = YES;
				CLANG_WARN_INT_CONVERSION = YES;
				CLANG_WARN_NON_LITERAL_NULL_CONVERSION = YES;
				CLANG_WARN_OBJC_IMPLICIT_RETAIN_SELF = YES;
				CLANG_WARN_OBJC_LITERAL_CONVERSION = YES;
				CLANG_WARN_OBJC_ROOT_CLASS = YES_ERROR;
				CLANG_WARN_QUOTED_INCLUDE_IN_FRAMEWORK_HEADER = YES;
				CLANG_WARN_RANGE_LOOP_ANALYSIS = YES;
				CLANG_WARN_STRICT_PROTOTYPES = YES;
				CLANG_WARN_SUSPICIOUS_MOVE = YES;
				CLANG_WARN_UNGUARDED_AVAILABILITY = YES_AGGRESSIVE;
				CLANG_WARN_UNREACHABLE_CODE = YES;
				CLANG_WARN__DUPLICATE_METHOD_MATCH = YES;
				COPY_PHASE_STRIP = NO;
				DEBUG_INFORMATION_FORMAT = "dwarf-with-dsym";
				ENABLE_NS_ASSERTIONS = NO;
				ENABLE_STRICT_OBJC_MSGSEND = YES;
				GCC_C_LANGUAGE_STANDARD = gnu11;
				GCC_NO_COMMON_BLOCKS = YES;
				GCC_WARN_64_TO_32_BIT_CONVERSION = YES;
				GCC_WARN_ABOUT_RETURN_TYPE = YES_ERROR;
				GCC_WARN_UNDECLARED_SELECTOR = YES;
				GCC_WARN_UNINITIALIZED_AUTOS = YES_AGGRESSIVE;
				GCC_WARN_UNUSED_FUNCTION = YES;
				GCC_WARN_UNUSED_VARIABLE = YES;
				IPHONEOS_DEPLOYMENT_TARGET = 14.5;
				MTL_ENABLE_DEBUG_INFO = NO;
				MTL_FAST_MATH = YES;
				SDKROOT = iphoneos;
				SWIFT_COMPILATION_MODE = wholemodule;
				SWIFT_OPTIMIZATION_LEVEL = "-O";
				VALIDATE_PRODUCT = YES;
			};
			name = Release;
		};
		FA743F0B26C139BC00E0C626 /* Debug */ = {
			isa = XCBuildConfiguration;
			baseConfigurationReference = BFE0D051EFE31F8E26722F04 /* Pods-NewsApp.debug.xcconfig */;
			buildSettings = {
				ASSETCATALOG_COMPILER_APPICON_NAME = AppIcon;
				ASSETCATALOG_COMPILER_GLOBAL_ACCENT_COLOR_NAME = AccentColor;
				CODE_SIGN_STYLE = Automatic;
				DEVELOPMENT_TEAM = 8KZVTK9MJH;
				INFOPLIST_FILE = NewsApp/Info.plist;
				IPHONEOS_DEPLOYMENT_TARGET = 12.1;
				LD_RUNPATH_SEARCH_PATHS = (
					"$(inherited)",
					"@executable_path/Frameworks",
				);
				PRODUCT_BUNDLE_IDENTIFIER = com.dkainm.NewsApp;
				PRODUCT_NAME = "$(TARGET_NAME)";
				SWIFT_VERSION = 5.0;
				TARGETED_DEVICE_FAMILY = 1;
			};
			name = Debug;
		};
		FA743F0C26C139BC00E0C626 /* Release */ = {
			isa = XCBuildConfiguration;
			baseConfigurationReference = 0EEF6165CBDABC3B75FB5479 /* Pods-NewsApp.release.xcconfig */;
			buildSettings = {
				ASSETCATALOG_COMPILER_APPICON_NAME = AppIcon;
				ASSETCATALOG_COMPILER_GLOBAL_ACCENT_COLOR_NAME = AccentColor;
				CODE_SIGN_STYLE = Automatic;
				DEVELOPMENT_TEAM = 8KZVTK9MJH;
				INFOPLIST_FILE = NewsApp/Info.plist;
				IPHONEOS_DEPLOYMENT_TARGET = 12.1;
				LD_RUNPATH_SEARCH_PATHS = (
					"$(inherited)",
					"@executable_path/Frameworks",
				);
				PRODUCT_BUNDLE_IDENTIFIER = com.dkainm.NewsApp;
				PRODUCT_NAME = "$(TARGET_NAME)";
				SWIFT_VERSION = 5.0;
				TARGETED_DEVICE_FAMILY = 1;
			};
			name = Release;
		};
/* End XCBuildConfiguration section */

/* Begin XCConfigurationList section */
		FA743EF126C139B900E0C626 /* Build configuration list for PBXProject "NewsApp" */ = {
			isa = XCConfigurationList;
			buildConfigurations = (
				FA743F0826C139BC00E0C626 /* Debug */,
				FA743F0926C139BC00E0C626 /* Release */,
			);
			defaultConfigurationIsVisible = 0;
			defaultConfigurationName = Release;
		};
		FA743F0A26C139BC00E0C626 /* Build configuration list for PBXNativeTarget "NewsApp" */ = {
			isa = XCConfigurationList;
			buildConfigurations = (
				FA743F0B26C139BC00E0C626 /* Debug */,
				FA743F0C26C139BC00E0C626 /* Release */,
			);
			defaultConfigurationIsVisible = 0;
			defaultConfigurationName = Release;
		};
/* End XCConfigurationList section */
	};
	rootObject = FA743EEE26C139B900E0C626 /* Project object */;
}
